{
  "lockfile_version": "1",
  "packages": {
    "diesel-cli": {
      "resolved": "github:NixOS/nixpkgs/12c1f0253aa9a54fdf8ec8aecaafada64a111e24?narHash=sha256-OD5HsZ%2BsN7VvNucbrjiCz7CHF5zf9gP51YVJvPwYIH8%3D#diesel-cli",
      "source": "nixpkg",
      "systems": {
        "x86_64-linux": {
          "outputs": [
            {
              "path": "/nix/store/2hni6sv289r5lc0wd3bkpck6674d8jx2-diesel-cli-2.3.3",
              "default": true
            }
          ]
        }
      }
    },
    "dioxus-cli": {
      "resolved": "github:NixOS/nixpkgs/12c1f0253aa9a54fdf8ec8aecaafada64a111e24?narHash=sha256-OD5HsZ%2BsN7VvNucbrjiCz7CHF5zf9gP51YVJvPwYIH8%3D#dioxus-cli",
      "source": "nixpkg"
    },
    "github:NixOS/nixpkgs/nixpkgs-unstable": {
      "last_modified": "2025-11-04T19:54:02Z",
      "resolved": "github:NixOS/nixpkgs/12c1f0253aa9a54fdf8ec8aecaafada64a111e24?lastModified=1762286042&narHash=sha256-OD5HsZ%2BsN7VvNucbrjiCz7CHF5zf9gP51YVJvPwYIH8%3D"
    },
    "glibcLocales@latest": {
      "last_modified": "2025-10-22T20:59:19Z",
      "resolved": "github:NixOS/nixpkgs/01b6809f7f9d1183a2b3e081f0a1e6f8f415cb09#glibcLocales",
      "source": "devbox-search",
      "version": "2.40-66",
      "systems": {
        "aarch64-linux": {
          "outputs": [
            {
              "name": "out",
              "path": "/nix/store/br6c397yfnlr9mnsc9ziv2mz015d70mg-glibc-locales-2.40-66",
              "default": true
            }
          ],
          "store_path": "/nix/store/br6c397yfnlr9mnsc9ziv2mz015d70mg-glibc-locales-2.40-66"
        },
        "x86_64-linux": {
          "outputs": [
            {
              "name": "out",
              "path": "/nix/store/lfnnsw0p9a1cbra5wf5f5zakffd7ify4-glibc-locales-2.40-66",
              "default": true
            }
          ],
          "store_path": "/nix/store/lfnnsw0p9a1cbra5wf5f5zakffd7ify4-glibc-locales-2.40-66"
        }
      }
    },
    "gtk3": {
      "resolved": "github:NixOS/nixpkgs/12c1f0253aa9a54fdf8ec8aecaafada64a111e24?narHash=sha256-OD5HsZ%2BsN7VvNucbrjiCz7CHF5zf9gP51YVJvPwYIH8%3D#gtk3",
      "source": "nixpkg"
    },
    "openssl": {
      "resolved": "github:NixOS/nixpkgs/12c1f0253aa9a54fdf8ec8aecaafada64a111e24?narHash=sha256-OD5HsZ%2BsN7VvNucbrjiCz7CHF5zf9gP51YVJvPwYIH8%3D#openssl",
      "source": "nixpkg",
      "systems": {
        "x86_64-linux": {
          "outputs": [
            {
              "name": "man",
              "path": "/nix/store/9l397nd1xk85q0a3g2c0798la5vifwfi-openssl-3.6.0-man",
              "default": true
            },
            {
              "name": "bin",
              "path": "/nix/store/wlh6plymkd971amrm339p4jg9mk48w4q-openssl-3.6.0-bin",
              "default": true
            }
          ]
        }
      }
    },
    "pkg-config": {
      "resolved": "github:NixOS/nixpkgs/12c1f0253aa9a54fdf8ec8aecaafada64a111e24?narHash=sha256-OD5HsZ%2BsN7VvNucbrjiCz7CHF5zf9gP51YVJvPwYIH8%3D#pkg-config",
      "source": "nixpkg",
      "systems": {
        "x86_64-linux": {
          "outputs": [
            {
              "name": "man",
              "path": "/nix/store/s3gfdb3mq0p0sd859ryz1h1rh1wp33gr-pkg-config-wrapper-0.29.2-man",
              "default": true
            },
            {
              "path": "/nix/store/0skggkamysbh0ksc3582lb69wzrpabcg-pkg-config-wrapper-0.29.2",
              "default": true
            }
          ]
        }
      }
    },
    "postgresql@15": {
      "last_modified": "2024-08-13T00:39:45Z",
      "plugin_version": "0.0.2",
      "resolved": "github:NixOS/nixpkgs/60dfaff009e440faefbaeb20d8dda3239ba4a439#postgresql",
      "source": "devbox-search",
      "version": "15.7",
      "systems": {
        "aarch64-darwin": {
          "outputs": [
            {
              "name": "out",
              "path": "/nix/store/j063gkab0kj312p0r5wlwh8hhs3ivmmv-postgresql-15.7",
              "default": true
            },
            {
              "name": "man",
              "path": "/nix/store/83zyb6qnvn85ilfb4g03yr8zjnc4kw5c-postgresql-15.7-man",
              "default": true
            },
            {
              "name": "doc",
              "path": "/nix/store/w98l40gkbw15cxjajs9wr9aaz1zqq8pv-postgresql-15.7-doc"
            },
            {
              "name": "lib",
              "path": "/nix/store/2lqmjj3nwingqsajwgwym4jjl1plqrxd-postgresql-15.7-lib"
            }
          ],
          "store_path": "/nix/store/j063gkab0kj312p0r5wlwh8hhs3ivmmv-postgresql-15.7"
        },
        "aarch64-linux": {
          "outputs": [
            {
              "name": "out",
              "path": "/nix/store/bm08f8k2gyndfq1mszvdm07jnmwr6nlf-postgresql-15.7",
              "default": true
            },
            {
              "name": "man",
              "path": "/nix/store/yd6qvs38zm55271230hfn4j0rd4029ca-postgresql-15.7-man",
              "default": true
            },
            {
              "name": "debug",
              "path": "/nix/store/m8kdahlx418v1x8pvbjja5zbl8ix4hff-postgresql-15.7-debug"
            },
            {
              "name": "doc",
              "path": "/nix/store/nw2ng4sh1vzih1rrfzlivd2c7ifh9zm2-postgresql-15.7-doc"
            },
            {
              "name": "lib",
              "path": "/nix/store/fvs07mhcygpwy41jhw34kq7ghlcnv4nf-postgresql-15.7-lib"
            }
          ],
          "store_path": "/nix/store/bm08f8k2gyndfq1mszvdm07jnmwr6nlf-postgresql-15.7"
        },
        "x86_64-darwin": {
          "outputs": [
            {
              "name": "out",
              "path": "/nix/store/q4h9xjc0804xkcb0l7kxmp8rbqadlpg9-postgresql-15.7",
              "default": true
            },
            {
              "name": "man",
              "path": "/nix/store/22xrk7r5c4bh12wnmh4xssd1xk06b96l-postgresql-15.7-man",
              "default": true
            },
            {
              "name": "doc",
              "path": "/nix/store/4ynkh5cclgi0jcg42868z764irl32dx3-postgresql-15.7-doc"
            },
            {
              "name": "lib",
              "path": "/nix/store/4bqzgkyvzc7c7i955raibmaqabffsi4y-postgresql-15.7-lib"
            }
          ],
          "store_path": "/nix/store/q4h9xjc0804xkcb0l7kxmp8rbqadlpg9-postgresql-15.7"
        },
        "x86_64-linux": {
          "outputs": [
            {
              "name": "out",
              "path": "/nix/store/8gr5ybhmdkafii5idcg57p66nk1qd6sf-postgresql-15.7",
              "default": true
            },
            {
              "name": "man",
              "path": "/nix/store/0j6lskwq3imd8gdwy5rz9sjmn3c41qbc-postgresql-15.7-man",
              "default": true
            },
            {
              "name": "debug",
              "path": "/nix/store/xw1fhj72fzrlkvapaf1spx19ixqm7394-postgresql-15.7-debug"
            },
            {
              "name": "doc",
              "path": "/nix/store/01snq9n6ka7zkb4dp7k639mbb5p0v5qi-postgresql-15.7-doc"
            },
            {
              "name": "lib",
              "path": "/nix/store/9xj29q1wf5wazv63hn5dxlwsp8k3h5lc-postgresql-15.7-lib"
            }
          ],
          "store_path": "/nix/store/8gr5ybhmdkafii5idcg57p66nk1qd6sf-postgresql-15.7"
        }
      }
    },
    "webkitgtk_4_1": {
      "resolved": "github:NixOS/nixpkgs/12c1f0253aa9a54fdf8ec8aecaafada64a111e24?narHash=sha256-OD5HsZ%2BsN7VvNucbrjiCz7CHF5zf9gP51YVJvPwYIH8%3D#webkitgtk_4_1",
      "source": "nixpkg"
    }
  }
}
